
Microsoft Visual Studio Solution File, Format Version 12.00
# Visual Studio Version 17
VisualStudioVersion = 17.5.33516.290
MinimumVisualStudioVersion = 10.0.40219.1
Project("{FAE04EC0-301F-11D3-BF4B-00C04F79EFBC}") = "Stationary Company", "Stationary Company.csproj", "{B2115F64-27D1-45FC-9D8C-E2B0234180FC}"
EndProject
Global
	GlobalSection(SolutionConfigurationPlatforms) = preSolution
		Debug|Any CPU = Debug|Any CPU
		Release|Any CPU = Release|Any CPU
	EndGlobalSection
	GlobalSection(ProjectConfigurationPlatforms) = postSolution
		{B2115F64-27D1-45FC-9D8C-E2B0234180FC}.Debug|Any CPU.ActiveCfg = Debug|Any CPU
		{B2115F64-27D1-45FC-9D8C-E2B0234180FC}.Debug|Any CPU.Build.0 = Debug|Any CPU
		{B2115F64-27D1-45FC-9D8C-E2B0234180FC}.Release|Any CPU.ActiveCfg = Release|Any CPU
		{B2115F64-27D1-45FC-9D8C-E2B0234180FC}.Release|Any CPU.Build.0 = Release|Any CPU
	EndGlobalSection
	GlobalSection(SolutionProperties) = preSolution
		HideSolutionNode = FALSE
	EndGlobalSection
	GlobalSection(ExtensibilityGlobals) = postSolution
		SolutionGuid = {6B30CCF1-3F30-4164-8631-D7B92BBA3D4A}
	EndGlobalSection
EndGlobal
